
Microsoft Visual Studio Solution File, Format Version 12.00
# Visual Studio Version 16
VisualStudioVersion = 16.0.33328.57
MinimumVisualStudioVersion = 10.0.40219.1
Project("{FAE04EC0-301F-11D3-BF4B-00C04F79EFBC}") = "EWarranty", "EWarranty\EWarranty.csproj", "{236609BB-3C27-479C-B0D6-B28844BAEA89}"
EndProject
Global
	GlobalSection(SolutionConfigurationPlatforms) = preSolution
		Debug|Any CPU = Debug|Any CPU
		Release|Any CPU = Release|Any CPU
	EndGlobalSection
	GlobalSection(ProjectConfigurationPlatforms) = postSolution
		{236609BB-3C27-479C-B0D6-B28844BAEA89}.Debug|Any CPU.ActiveCfg = Debug|Any CPU
		{236609BB-3C27-479C-B0D6-B28844BAEA89}.Debug|Any CPU.Build.0 = Debug|Any CPU
		{236609BB-3C27-479C-B0D6-B28844BAEA89}.Release|Any CPU.ActiveCfg = Release|Any CPU
		{236609BB-3C27-479C-B0D6-B28844BAEA89}.Release|Any CPU.Build.0 = Release|Any CPU
	EndGlobalSection
	GlobalSection(SolutionProperties) = preSolution
		HideSolutionNode = FALSE
	EndGlobalSection
	GlobalSection(ExtensibilityGlobals) = postSolution
		SolutionGuid = {5EA78E75-866F-4E8B-A35A-4B2237CCC91D}
	EndGlobalSection
EndGlobal
